{
  "name": "alexa-chess",
  "version": "1.0.0",
  "lockfileVersion": 1,
  "requires": true,
  "dependencies": {
    "is-running": {
      "version": "1.0.5",
      "resolved": "https://registry.npmjs.org/is-running/-/is-running-1.0.5.tgz",
      "integrity": "sha1-4IikdniNqbE7kTxsgT1WQK1j0ig="
    },
    "q": {
      "version": "0.9.7",
      "resolved": "https://registry.npmjs.org/q/-/q-0.9.7.tgz",
      "integrity": "sha1-TeLmyzspCIyeTLwDv51C+5bOL3U="
    },
    "string": {
      "version": "1.7.0",
      "resolved": "https://registry.npmjs.org/string/-/string-1.7.0.tgz",
      "integrity": "sha1-NekXtC91jzpXxVH2Zazk1qCYhkQ="
    },
    "uci": {
      "version": "0.3.4",
      "resolved": "https://registry.npmjs.org/uci/-/uci-0.3.4.tgz",
      "integrity": "sha1-BnfXSaPM/eqerBhmj06MEhS6xM0=",
      "requires": {
        "is-running": "1.0.x",
        "q": "0.9.x",
        "string": "1.7.x"
      }
    }
  }
}
